
Microsoft Visual Studio Solution File, Format Version 12.00
# Visual Studio Version 17
VisualStudioVersion = 17.3.32811.315
MinimumVisualStudioVersion = 10.0.40219.1
Project("{9A19103F-16F7-4668-BE54-9A1E7A4F7556}") = "TaskManagerApi", "TaskManagerApi\TaskManagerApi.csproj", "{E91EDEE9-6F61-4376-9BB0-1206FD7CDA19}"
EndProject
Project("{9A19103F-16F7-4668-BE54-9A1E7A4F7556}") = "TaskManagerApi.Domain", "TaskManagerApi.Domain\TaskManagerApi.Domain.csproj", "{525A8CB5-3988-4120-B79F-46491EFB2AFD}"
EndProject
Project("{9A19103F-16F7-4668-BE54-9A1E7A4F7556}") = "TaskManagerApi.DataAccess", "TaskManagerApi.DataAccess\TaskManagerApi.DataAccess.csproj", "{A92D1813-776E-4A24-A786-1B26C250C168}"
EndProject
Project("{FAE04EC0-301F-11D3-BF4B-00C04F79EFBC}") = "TaskManagerApi.Common", "TaskManagerApi.Common\TaskManagerApi.Common.csproj", "{0093037A-A88D-4583-887D-D0541B70306C}"
EndProject
Global
	GlobalSection(SolutionConfigurationPlatforms) = preSolution
		Debug|Any CPU = Debug|Any CPU
		Release|Any CPU = Release|Any CPU
	EndGlobalSection
	GlobalSection(ProjectConfigurationPlatforms) = postSolution
		{E91EDEE9-6F61-4376-9BB0-1206FD7CDA19}.Debug|Any CPU.ActiveCfg = Debug|Any CPU
		{E91EDEE9-6F61-4376-9BB0-1206FD7CDA19}.Debug|Any CPU.Build.0 = Debug|Any CPU
		{E91EDEE9-6F61-4376-9BB0-1206FD7CDA19}.Release|Any CPU.ActiveCfg = Release|Any CPU
		{E91EDEE9-6F61-4376-9BB0-1206FD7CDA19}.Release|Any CPU.Build.0 = Release|Any CPU
		{525A8CB5-3988-4120-B79F-46491EFB2AFD}.Debug|Any CPU.ActiveCfg = Debug|Any CPU
		{525A8CB5-3988-4120-B79F-46491EFB2AFD}.Debug|Any CPU.Build.0 = Debug|Any CPU
		{525A8CB5-3988-4120-B79F-46491EFB2AFD}.Release|Any CPU.ActiveCfg = Release|Any CPU
		{525A8CB5-3988-4120-B79F-46491EFB2AFD}.Release|Any CPU.Build.0 = Release|Any CPU
		{A92D1813-776E-4A24-A786-1B26C250C168}.Debug|Any CPU.ActiveCfg = Debug|Any CPU
		{A92D1813-776E-4A24-A786-1B26C250C168}.Debug|Any CPU.Build.0 = Debug|Any CPU
		{A92D1813-776E-4A24-A786-1B26C250C168}.Release|Any CPU.ActiveCfg = Release|Any CPU
		{A92D1813-776E-4A24-A786-1B26C250C168}.Release|Any CPU.Build.0 = Release|Any CPU
		{0093037A-A88D-4583-887D-D0541B70306C}.Debug|Any CPU.ActiveCfg = Debug|Any CPU
		{0093037A-A88D-4583-887D-D0541B70306C}.Debug|Any CPU.Build.0 = Debug|Any CPU
		{0093037A-A88D-4583-887D-D0541B70306C}.Release|Any CPU.ActiveCfg = Release|Any CPU
		{0093037A-A88D-4583-887D-D0541B70306C}.Release|Any CPU.Build.0 = Release|Any CPU
	EndGlobalSection
	GlobalSection(SolutionProperties) = preSolution
		HideSolutionNode = FALSE
	EndGlobalSection
	GlobalSection(ExtensibilityGlobals) = postSolution
		SolutionGuid = {F6F7C1D1-D9D1-4337-8E51-402A28DB46F1}
	EndGlobalSection
EndGlobal
